// !$*UTF8*$!
{
	archiveVersion = 1;
	classes = {
	};
	objectVersion = 55;
	objects = {

/* Begin PBXBuildFile section */
		7C17C29A02511277277B8BA7 /* Pods_Lokalise_Test.framework in Frameworks */ = {isa = PBXBuildFile; fileRef = 33D053A00257A11D61C4F106 /* Pods_Lokalise_Test.framework */; };
		BF1FD9C32787EE18005E8836 /* AppDelegate.m in Sources */ = {isa = PBXBuildFile; fileRef = BF1FD9C22787EE18005E8836 /* AppDelegate.m */; };
		BF1FD9C62787EE18005E8836 /* SceneDelegate.m in Sources */ = {isa = PBXBuildFile; fileRef = BF1FD9C52787EE18005E8836 /* SceneDelegate.m */; };
		BF1FD9C92787EE18005E8836 /* ViewController.m in Sources */ = {isa = PBXBuildFile; fileRef = BF1FD9C82787EE18005E8836 /* ViewController.m */; };
		BF1FD9CC2787EE18005E8836 /* Main.storyboard in Resources */ = {isa = PBXBuildFile; fileRef = BF1FD9CA2787EE18005E8836 /* Main.storyboard */; };
		BF1FD9CE2787EE1A005E8836 /* Assets.xcassets in Resources */ = {isa = PBXBuildFile; fileRef = BF1FD9CD2787EE1A005E8836 /* Assets.xcassets */; };
		BF1FD9D12787EE1A005E8836 /* LaunchScreen.storyboard in Resources */ = {isa = PBXBuildFile; fileRef = BF1FD9CF2787EE1A005E8836 /* LaunchScreen.storyboard */; };
		BF1FD9D42787EE1A005E8836 /* main.m in Sources */ = {isa = PBXBuildFile; fileRef = BF1FD9D32787EE1A005E8836 /* main.m */; };
		BF1FD9DC27881173005E8836 /* Localizable.strings in Resources */ = {isa = PBXBuildFile; fileRef = BF1FD9DE27881173005E8836 /* Localizable.strings */; };
/* End PBXBuildFile section */

/* Begin PBXFileReference section */
		33D053A00257A11D61C4F106 /* Pods_Lokalise_Test.framework */ = {isa = PBXFileReference; explicitFileType = wrapper.framework; includeInIndex = 0; path = Pods_Lokalise_Test.framework; sourceTree = BUILT_PRODUCTS_DIR; };
		59D4707A0B3422A5AC49319F /* Pods-Lokalise_Test.release.xcconfig */ = {isa = PBXFileReference; includeInIndex = 1; lastKnownFileType = text.xcconfig; name = "Pods-Lokalise_Test.release.xcconfig"; path = "Target Support Files/Pods-Lokalise_Test/Pods-Lokalise_Test.release.xcconfig"; sourceTree = "<group>"; };
		923B395E1F72BD3ED89F9433 /* Pods-Lokalise_Test.debug.xcconfig */ = {isa = PBXFileReference; includeInIndex = 1; lastKnownFileType = text.xcconfig; name = "Pods-Lokalise_Test.debug.xcconfig"; path = "Target Support Files/Pods-Lokalise_Test/Pods-Lokalise_Test.debug.xcconfig"; sourceTree = "<group>"; };
		BF1FD9BE2787EE18005E8836 /* Lokalise_Test.app */ = {isa = PBXFileReference; explicitFileType = wrapper.application; includeInIndex = 0; path = Lokalise_Test.app; sourceTree = BUILT_PRODUCTS_DIR; };
		BF1FD9C12787EE18005E8836 /* AppDelegate.h */ = {isa = PBXFileReference; lastKnownFileType = sourcecode.c.h; path = AppDelegate.h; sourceTree = "<group>"; };
		BF1FD9C22787EE18005E8836 /* AppDelegate.m */ = {isa = PBXFileReference; lastKnownFileType = sourcecode.c.objc; path = AppDelegate.m; sourceTree = "<group>"; };
		BF1FD9C42787EE18005E8836 /* SceneDelegate.h */ = {isa = PBXFileReference; lastKnownFileType = sourcecode.c.h; path = SceneDelegate.h; sourceTree = "<group>"; };
		BF1FD9C52787EE18005E8836 /* SceneDelegate.m */ = {isa = PBXFileReference; lastKnownFileType = sourcecode.c.objc; path = SceneDelegate.m; sourceTree = "<group>"; };
		BF1FD9C72787EE18005E8836 /* ViewController.h */ = {isa = PBXFileReference; lastKnownFileType = sourcecode.c.h; path = ViewController.h; sourceTree = "<group>"; };
		BF1FD9C82787EE18005E8836 /* ViewController.m */ = {isa = PBXFileReference; lastKnownFileType = sourcecode.c.objc; path = ViewController.m; sourceTree = "<group>"; };
		BF1FD9CB2787EE18005E8836 /* Base */ = {isa = PBXFileReference; lastKnownFileType = file.storyboard; name = Base; path = Base.lproj/Main.storyboard; sourceTree = "<group>"; };
		BF1FD9CD2787EE1A005E8836 /* Assets.xcassets */ = {isa = PBXFileReference; lastKnownFileType = folder.assetcatalog; path = Assets.xcassets; sourceTree = "<group>"; };
		BF1FD9D02787EE1A005E8836 /* Base */ = {isa = PBXFileReference; lastKnownFileType = file.storyboard; name = Base; path = Base.lproj/LaunchScreen.storyboard; sourceTree = "<group>"; };
		BF1FD9D22787EE1A005E8836 /* Info.plist */ = {isa = PBXFileReference; lastKnownFileType = text.plist.xml; path = Info.plist; sourceTree = "<group>"; };
		BF1FD9D32787EE1A005E8836 /* main.m */ = {isa = PBXFileReference; lastKnownFileType = sourcecode.c.objc; path = main.m; sourceTree = "<group>"; };
		BF1FD9DD27881173005E8836 /* en */ = {isa = PBXFileReference; lastKnownFileType = text.plist.strings; name = en; path = en.lproj/Localizable.strings; sourceTree = "<group>"; };
		BF1FD9DF278811C3005E8836 /* zh-Hans */ = {isa = PBXFileReference; lastKnownFileType = text.plist.strings; name = "zh-Hans"; path = "zh-Hans.lproj/Localizable.strings"; sourceTree = "<group>"; };
		BF1FD9E0278811E2005E8836 /* vi */ = {isa = PBXFileReference; lastKnownFileType = text.plist.strings; name = vi; path = vi.lproj/Localizable.strings; sourceTree = "<group>"; };
/* End PBXFileReference section */

/* Begin PBXFrameworksBuildPhase section */
		BF1FD9BB2787EE18005E8836 /* Frameworks */ = {
			isa = PBXFrameworksBuildPhase;
			buildActionMask = 2147483647;
			files = (
				7C17C29A02511277277B8BA7 /* Pods_Lokalise_Test.framework in Frameworks */,
			);
			runOnlyForDeploymentPostprocessing = 0;
		};
/* End PBXFrameworksBuildPhase section */

/* Begin PBXGroup section */
		A86E2298784E0ECB0B024EBE /* Pods */ = {
			isa = PBXGroup;
			children = (
				923B395E1F72BD3ED89F9433 /* Pods-Lokalise_Test.debug.xcconfig */,
				59D4707A0B3422A5AC49319F /* Pods-Lokalise_Test.release.xcconfig */,
			);
			path = Pods;
			sourceTree = "<group>";
		};
		A8EABDAE89CC9679DD784ED5 /* Frameworks */ = {
			isa = PBXGroup;
			children = (
				33D053A00257A11D61C4F106 /* Pods_Lokalise_Test.framework */,
			);
			name = Frameworks;
			sourceTree = "<group>";
		};
		BF1FD9B52787EE18005E8836 = {
			isa = PBXGroup;
			children = (
				BF1FD9C02787EE18005E8836 /* Lokalise_Test */,
				BF1FD9BF2787EE18005E8836 /* Products */,
				A86E2298784E0ECB0B024EBE /* Pods */,
				A8EABDAE89CC9679DD784ED5 /* Frameworks */,
			);
			sourceTree = "<group>";
		};
		BF1FD9BF2787EE18005E8836 /* Products */ = {
			isa = PBXGroup;
			children = (
				BF1FD9BE2787EE18005E8836 /* Lokalise_Test.app */,
			);
			name = Products;
			sourceTree = "<group>";
		};
		BF1FD9C02787EE18005E8836 /* Lokalise_Test */ = {
			isa = PBXGroup;
			children = (
				BF1FD9C12787EE18005E8836 /* AppDelegate.h */,
				BF1FD9C22787EE18005E8836 /* AppDelegate.m */,
				BF1FD9C42787EE18005E8836 /* SceneDelegate.h */,
				BF1FD9C52787EE18005E8836 /* SceneDelegate.m */,
				BF1FD9C72787EE18005E8836 /* ViewController.h */,
				BF1FD9C82787EE18005E8836 /* ViewController.m */,
				BF1FD9CA2787EE18005E8836 /* Main.storyboard */,
				BF1FD9CD2787EE1A005E8836 /* Assets.xcassets */,
				BF1FD9CF2787EE1A005E8836 /* LaunchScreen.storyboard */,
				BF1FD9D22787EE1A005E8836 /* Info.plist */,
				BF1FD9D32787EE1A005E8836 /* main.m */,
				BF1FD9DE27881173005E8836 /* Localizable.strings */,
			);
			path = Lokalise_Test;
			sourceTree = "<group>";
		};
/* End PBXGroup section */

/* Begin PBXNativeTarget section */
		BF1FD9BD2787EE18005E8836 /* Lokalise_Test */ = {
			isa = PBXNativeTarget;
			buildConfigurationList = BF1FD9D72787EE1A005E8836 /* Build configuration list for PBXNativeTarget "Lokalise_Test" */;
			buildPhases = (
				A6DBFD4BDE59EDB24EEEC2D7 /* [CP] Check Pods Manifest.lock */,
				BF1FD9BA2787EE18005E8836 /* Sources */,
				BF1FD9BB2787EE18005E8836 /* Frameworks */,
				BF1FD9BC2787EE18005E8836 /* Resources */,
				FD75B46725098D0400A7758F /* [CP] Embed Pods Frameworks */,
			);
			buildRules = (
			);
			dependencies = (
			);
			name = Lokalise_Test;
			productName = Lokalise_Test;
			productReference = BF1FD9BE2787EE18005E8836 /* Lokalise_Test.app */;
			productType = "com.apple.product-type.application";
		};
/* End PBXNativeTarget section */

/* Begin PBXProject section */
		BF1FD9B62787EE18005E8836 /* Project object */ = {
			isa = PBXProject;
			attributes = {
				BuildIndependentTargetsInParallel = 1;
				LastUpgradeCheck = 1300;
				TargetAttributes = {
					BF1FD9BD2787EE18005E8836 = {
						CreatedOnToolsVersion = 13.0;
					};
				};
			};
			buildConfigurationList = BF1FD9B92787EE18005E8836 /* Build configuration list for PBXProject "Lokalise_Test" */;
			compatibilityVersion = "Xcode 13.0";
			developmentRegion = en;
			hasScannedForEncodings = 0;
			knownRegions = (
				en,
				Base,
				"zh-Hans",
				vi,
			);
			mainGroup = BF1FD9B52787EE18005E8836;
			productRefGroup = BF1FD9BF2787EE18005E8836 /* Products */;
			projectDirPath = "";
			projectRoot = "";
			targets = (
				BF1FD9BD2787EE18005E8836 /* Lokalise_Test */,
			);
		};
/* End PBXProject section */

/* Begin PBXResourcesBuildPhase section */
		BF1FD9BC2787EE18005E8836 /* Resources */ = {
			isa = PBXResourcesBuildPhase;
			buildActionMask = 2147483647;
			files = (
				BF1FD9D12787EE1A005E8836 /* LaunchScreen.storyboard in Resources */,
				BF1FD9DC27881173005E8836 /* Localizable.strings in Resources */,
				BF1FD9CE2787EE1A005E8836 /* Assets.xcassets in Resources */,
				BF1FD9CC2787EE18005E8836 /* Main.storyboard in Resources */,
			);
			runOnlyForDeploymentPostprocessing = 0;
		};
/* End PBXResourcesBuildPhase section */

/* Begin PBXShellScriptBuildPhase section */
		A6DBFD4BDE59EDB24EEEC2D7 /* [CP] Check Pods Manifest.lock */ = {
			isa = PBXShellScriptBuildPhase;
			buildActionMask = 2147483647;
			files = (
			);
			inputFileListPaths = (
			);
			inputPaths = (
				"${PODS_PODFILE_DIR_PATH}/Podfile.lock",
				"${PODS_ROOT}/Manifest.lock",
			);
			name = "[CP] Check Pods Manifest.lock";
			outputFileListPaths = (
			);
			outputPaths = (
				"$(DERIVED_FILE_DIR)/Pods-Lokalise_Test-checkManifestLockResult.txt",
			);
			runOnlyForDeploymentPostprocessing = 0;
			shellPath = /bin/sh;
			shellScript = "diff \"${PODS_PODFILE_DIR_PATH}/Podfile.lock\" \"${PODS_ROOT}/Manifest.lock\" > /dev/null\nif [ $? != 0 ] ; then\n    # print error to STDERR\n    echo \"error: The sandbox is not in sync with the Podfile.lock. Run 'pod install' or update your CocoaPods installation.\" >&2\n    exit 1\nfi\n# This output is used by Xcode 'outputs' to avoid re-running this script phase.\necho \"SUCCESS\" > \"${SCRIPT_OUTPUT_FILE_0}\"\n";
			showEnvVarsInLog = 0;
		};
		FD75B46725098D0400A7758F /* [CP] Embed Pods Frameworks */ = {
			isa = PBXShellScriptBuildPhase;
			buildActionMask = 2147483647;
			files = (
			);
			inputFileListPaths = (
				"${PODS_ROOT}/Target Support Files/Pods-Lokalise_Test/Pods-Lokalise_Test-frameworks-${CONFIGURATION}-input-files.xcfilelist",
			);
			name = "[CP] Embed Pods Frameworks";
			outputFileListPaths = (
				"${PODS_ROOT}/Target Support Files/Pods-Lokalise_Test/Pods-Lokalise_Test-frameworks-${CONFIGURATION}-output-files.xcfilelist",
			);
			runOnlyForDeploymentPostprocessing = 0;
			shellPath = /bin/sh;
			shellScript = "\"${PODS_ROOT}/Target Support Files/Pods-Lokalise_Test/Pods-Lokalise_Test-frameworks.sh\"\n";
			showEnvVarsInLog = 0;
		};
/* End PBXShellScriptBuildPhase section */

/* Begin PBXSourcesBuildPhase section */
		BF1FD9BA2787EE18005E8836 /* Sources */ = {
			isa = PBXSourcesBuildPhase;
			buildActionMask = 2147483647;
			files = (
				BF1FD9C92787EE18005E8836 /* ViewController.m in Sources */,
				BF1FD9C32787EE18005E8836 /* AppDelegate.m in Sources */,
				BF1FD9D42787EE1A005E8836 /* main.m in Sources */,
				BF1FD9C62787EE18005E8836 /* SceneDelegate.m in Sources */,
			);
			runOnlyForDeploymentPostprocessing = 0;
		};
/* End PBXSourcesBuildPhase section */

/* Begin PBXVariantGroup section */
		BF1FD9CA2787EE18005E8836 /* Main.storyboard */ = {
			isa = PBXVariantGroup;
			children = (
				BF1FD9CB2787EE18005E8836 /* Base */,
			);
			name = Main.storyboard;
			sourceTree = "<group>";
		};
		BF1FD9CF2787EE1A005E8836 /* LaunchScreen.storyboard */ = {
			isa = PBXVariantGroup;
			children = (
				BF1FD9D02787EE1A005E8836 /* Base */,
			);
			name = LaunchScreen.storyboard;
			sourceTree = "<group>";
		};
		BF1FD9DE27881173005E8836 /* Localizable.strings */ = {
			isa = PBXVariantGroup;
			children = (
				BF1FD9DD27881173005E8836 /* en */,
				BF1FD9DF278811C3005E8836 /* zh-Hans */,
				BF1FD9E0278811E2005E8836 /* vi */,
			);
			name = Localizable.strings;
			sourceTree = "<group>";
		};
/* End PBXVariantGroup section */

/* Begin XCBuildConfiguration section */
		BF1FD9D52787EE1A005E8836 /* Debug */ = {
			isa = XCBuildConfiguration;
			buildSettings = {
				ALWAYS_SEARCH_USER_PATHS = NO;
				CLANG_ANALYZER_LOCALIZABILITY_NONLOCALIZED = YES;
				CLANG_ANALYZER_NONNULL = YES;
				CLANG_ANALYZER_NUMBER_OBJECT_CONVERSION = YES_AGGRESSIVE;
				CLANG_CXX_LANGUAGE_STANDARD = "gnu++17";
				CLANG_CXX_LIBRARY = "libc++";
				CLANG_ENABLE_MODULES = YES;
				CLANG_ENABLE_OBJC_ARC = YES;
				CLANG_ENABLE_OBJC_WEAK = YES;
				CLANG_WARN_BLOCK_CAPTURE_AUTORELEASING = YES;
				CLANG_WARN_BOOL_CONVERSION = YES;
				CLANG_WARN_COMMA = YES;
				CLANG_WARN_CONSTANT_CONVERSION = YES;
				CLANG_WARN_DEPRECATED_OBJC_IMPLEMENTATIONS = YES;
				CLANG_WARN_DIRECT_OBJC_ISA_USAGE = YES_ERROR;
				CLANG_WARN_DOCUMENTATION_COMMENTS = YES;
				CLANG_WARN_EMPTY_BODY = YES;
				CLANG_WARN_ENUM_CONVERSION = YES;
				CLANG_WARN_INFINITE_RECURSION = YES;
				CLANG_WARN_INT_CONVERSION = YES;
				CLANG_WARN_NON_LITERAL_NULL_CONVERSION = YES;
				CLANG_WARN_OBJC_IMPLICIT_RETAIN_SELF = YES;
				CLANG_WARN_OBJC_LITERAL_CONVERSION = YES;
				CLANG_WARN_OBJC_ROOT_CLASS = YES_ERROR;
				CLANG_WARN_QUOTED_INCLUDE_IN_FRAMEWORK_HEADER = YES;
				CLANG_WARN_RANGE_LOOP_ANALYSIS = YES;
				CLANG_WARN_STRICT_PROTOTYPES = YES;
				CLANG_WARN_SUSPICIOUS_MOVE = YES;
				CLANG_WARN_UNGUARDED_AVAILABILITY = YES_AGGRESSIVE;
				CLANG_WARN_UNREACHABLE_CODE = YES;
				CLANG_WARN__DUPLICATE_METHOD_MATCH = YES;
				COPY_PHASE_STRIP = NO;
				DEBUG_INFORMATION_FORMAT = dwarf;
				ENABLE_STRICT_OBJC_MSGSEND = YES;
				ENABLE_TESTABILITY = YES;
				GCC_C_LANGUAGE_STANDARD = gnu11;
				GCC_DYNAMIC_NO_PIC = NO;
				GCC_NO_COMMON_BLOCKS = YES;
				GCC_OPTIMIZATION_LEVEL = 0;
				GCC_PREPROCESSOR_DEFINITIONS = (
					"DEBUG=1",
					"$(inherited)",
				);
				GCC_WARN_64_TO_32_BIT_CONVERSION = YES;
				GCC_WARN_ABOUT_RETURN_TYPE = YES_ERROR;
				GCC_WARN_UNDECLARED_SELECTOR = YES;
				GCC_WARN_UNINITIALIZED_AUTOS = YES_AGGRESSIVE;
				GCC_WARN_UNUSED_FUNCTION = YES;
				GCC_WARN_UNUSED_VARIABLE = YES;
				IPHONEOS_DEPLOYMENT_TARGET = 15.0;
				MTL_ENABLE_DEBUG_INFO = INCLUDE_SOURCE;
				MTL_FAST_MATH = YES;
				ONLY_ACTIVE_ARCH = YES;
				SDKROOT = iphoneos;
			};
			name = Debug;
		};
		BF1FD9D62787EE1A005E8836 /* Release */ = {
			isa = XCBuildConfiguration;
			buildSettings = {
				ALWAYS_SEARCH_USER_PATHS = NO;
				CLANG_ANALYZER_LOCALIZABILITY_NONLOCALIZED = YES;
				CLANG_ANALYZER_NONNULL = YES;
				CLANG_ANALYZER_NUMBER_OBJECT_CONVERSION = YES_AGGRESSIVE;
				CLANG_CXX_LANGUAGE_STANDARD = "gnu++17";
				CLANG_CXX_LIBRARY = "libc++";
				CLANG_ENABLE_MODULES = YES;
				CLANG_ENABLE_OBJC_ARC = YES;
				CLANG_ENABLE_OBJC_WEAK = YES;
				CLANG_WARN_BLOCK_CAPTURE_AUTORELEASING = YES;
				CLANG_WARN_BOOL_CONVERSION = YES;
				CLANG_WARN_COMMA = YES;
				CLANG_WARN_CONSTANT_CONVERSION = YES;
				CLANG_WARN_DEPRECATED_OBJC_IMPLEMENTATIONS = YES;
				CLANG_WARN_DIRECT_OBJC_ISA_USAGE = YES_ERROR;
				CLANG_WARN_DOCUMENTATION_COMMENTS = YES;
				CLANG_WARN_EMPTY_BODY = YES;
				CLANG_WARN_ENUM_CONVERSION = YES;
				CLANG_WARN_INFINITE_RECURSION = YES;
				CLANG_WARN_INT_CONVERSION = YES;
				CLANG_WARN_NON_LITERAL_NULL_CONVERSION = YES;
				CLANG_WARN_OBJC_IMPLICIT_RETAIN_SELF = YES;
				CLANG_WARN_OBJC_LITERAL_CONVERSION = YES;
				CLANG_WARN_OBJC_ROOT_CLASS = YES_ERROR;
				CLANG_WARN_QUOTED_INCLUDE_IN_FRAMEWORK_HEADER = YES;
				CLANG_WARN_RANGE_LOOP_ANALYSIS = YES;
				CLANG_WARN_STRICT_PROTOTYPES = YES;
				CLANG_WARN_SUSPICIOUS_MOVE = YES;
				CLANG_WARN_UNGUARDED_AVAILABILITY = YES_AGGRESSIVE;
				CLANG_WARN_UNREACHABLE_CODE = YES;
				CLANG_WARN__DUPLICATE_METHOD_MATCH = YES;
				COPY_PHASE_STRIP = NO;
				DEBUG_INFORMATION_FORMAT = "dwarf-with-dsym";
				ENABLE_NS_ASSERTIONS = NO;
				ENABLE_STRICT_OBJC_MSGSEND = YES;
				GCC_C_LANGUAGE_STANDARD = gnu11;
				GCC_NO_COMMON_BLOCKS = YES;
				GCC_WARN_64_TO_32_BIT_CONVERSION = YES;
				GCC_WARN_ABOUT_RETURN_TYPE = YES_ERROR;
				GCC_WARN_UNDECLARED_SELECTOR = YES;
				GCC_WARN_UNINITIALIZED_AUTOS = YES_AGGRESSIVE;
				GCC_WARN_UNUSED_FUNCTION = YES;
				GCC_WARN_UNUSED_VARIABLE = YES;
				IPHONEOS_DEPLOYMENT_TARGET = 15.0;
				MTL_ENABLE_DEBUG_INFO = NO;
				MTL_FAST_MATH = YES;
				SDKROOT = iphoneos;
				VALIDATE_PRODUCT = YES;
			};
			name = Release;
		};
		BF1FD9D82787EE1A005E8836 /* Debug */ = {
			isa = XCBuildConfiguration;
			baseConfigurationReference = 923B395E1F72BD3ED89F9433 /* Pods-Lokalise_Test.debug.xcconfig */;
			buildSettings = {
				ASSETCATALOG_COMPILER_APPICON_NAME = AppIcon;
				ASSETCATALOG_COMPILER_GLOBAL_ACCENT_COLOR_NAME = AccentColor;
				CODE_SIGN_STYLE = Automatic;
				CURRENT_PROJECT_VERSION = 1;
				DEVELOPMENT_TEAM = VSK7A5A3W7;
				GENERATE_INFOPLIST_FILE = YES;
				INFOPLIST_FILE = Lokalise_Test/Info.plist;
				INFOPLIST_KEY_UIApplicationSupportsIndirectInputEvents = YES;
				INFOPLIST_KEY_UILaunchStoryboardName = LaunchScreen;
				INFOPLIST_KEY_UIMainStoryboardFile = Main;
				INFOPLIST_KEY_UISupportedInterfaceOrientations_iPad = "UIInterfaceOrientationPortrait UIInterfaceOrientationPortraitUpsideDown UIInterfaceOrientationLandscapeLeft UIInterfaceOrientationLandscapeRight";
				INFOPLIST_KEY_UISupportedInterfaceOrientations_iPhone = "UIInterfaceOrientationPortrait UIInterfaceOrientationLandscapeLeft UIInterfaceOrientationLandscapeRight";
				IPHONEOS_DEPLOYMENT_TARGET = 12.0;
				LD_RUNPATH_SEARCH_PATHS = (
					"$(inherited)",
					"@executable_path/Frameworks",
				);
				MARKETING_VERSION = 1.0;
				PRODUCT_BUNDLE_IDENTIFIER = "com.leqoqo.Lokalise-Test";
				PRODUCT_NAME = "$(TARGET_NAME)";
				SWIFT_EMIT_LOC_STRINGS = YES;
				TARGETED_DEVICE_FAMILY = "1,2";
			};
			name = Debug;
		};
		BF1FD9D92787EE1A005E8836 /* Release */ = {
			isa = XCBuildConfiguration;
			baseConfigurationReference = 59D4707A0B3422A5AC49319F /* Pods-Lokalise_Test.release.xcconfig */;
			buildSettings = {
				ASSETCATALOG_COMPILER_APPICON_NAME = AppIcon;
				ASSETCATALOG_COMPILER_GLOBAL_ACCENT_COLOR_NAME = AccentColor;
				CODE_SIGN_STYLE = Automatic;
				CURRENT_PROJECT_VERSION = 1;
				DEVELOPMENT_TEAM = VSK7A5A3W7;
				GENERATE_INFOPLIST_FILE = YES;
				INFOPLIST_FILE = Lokalise_Test/Info.plist;
				INFOPLIST_KEY_UIApplicationSupportsIndirectInputEvents = YES;
				INFOPLIST_KEY_UILaunchStoryboardName = LaunchScreen;
				INFOPLIST_KEY_UIMainStoryboardFile = Main;
				INFOPLIST_KEY_UISupportedInterfaceOrientations_iPad = "UIInterfaceOrientationPortrait UIInterfaceOrientationPortraitUpsideDown UIInterfaceOrientationLandscapeLeft UIInterfaceOrientationLandscapeRight";
				INFOPLIST_KEY_UISupportedInterfaceOrientations_iPhone = "UIInterfaceOrientationPortrait UIInterfaceOrientationLandscapeLeft UIInterfaceOrientationLandscapeRight";
				IPHONEOS_DEPLOYMENT_TARGET = 12.0;
				LD_RUNPATH_SEARCH_PATHS = (
					"$(inherited)",
					"@executable_path/Frameworks",
				);
				MARKETING_VERSION = 1.0;
				PRODUCT_BUNDLE_IDENTIFIER = "com.leqoqo.Lokalise-Test";
				PRODUCT_NAME = "$(TARGET_NAME)";
				SWIFT_EMIT_LOC_STRINGS = YES;
				TARGETED_DEVICE_FAMILY = "1,2";
			};
			name = Release;
		};
/* End XCBuildConfiguration section */

/* Begin XCConfigurationList section */
		BF1FD9B92787EE18005E8836 /* Build configuration list for PBXProject "Lokalise_Test" */ = {
			isa = XCConfigurationList;
			buildConfigurations = (
				BF1FD9D52787EE1A005E8836 /* Debug */,
				BF1FD9D62787EE1A005E8836 /* Release */,
			);
			defaultConfigurationIsVisible = 0;
			defaultConfigurationName = Release;
		};
		BF1FD9D72787EE1A005E8836 /* Build configuration list for PBXNativeTarget "Lokalise_Test" */ = {
			isa = XCConfigurationList;
			buildConfigurations = (
				BF1FD9D82787EE1A005E8836 /* Debug */,
				BF1FD9D92787EE1A005E8836 /* Release */,
			);
			defaultConfigurationIsVisible = 0;
			defaultConfigurationName = Release;
		};
/* End XCConfigurationList section */
	};
	rootObject = BF1FD9B62787EE18005E8836 /* Project object */;
}
